
Microsoft Visual Studio Solution File, Format Version 12.00
# Visual Studio Version 17
VisualStudioVersion = 17.2.32616.157
MinimumVisualStudioVersion = 10.0.40219.1
Project("{FAE04EC0-301F-11D3-BF4B-00C04F79EFBC}") = "Algorithms", "Algorithms.csproj", "{5900E850-BECF-4224-924C-45F2ECFB7D04}"
EndProject
Global
	GlobalSection(SolutionConfigurationPlatforms) = preSolution
		Debug|Any CPU = Debug|Any CPU
		Release|Any CPU = Release|Any CPU
	EndGlobalSection
	GlobalSection(ProjectConfigurationPlatforms) = postSolution
		{5900E850-BECF-4224-924C-45F2ECFB7D04}.Debug|Any CPU.ActiveCfg = Debug|Any CPU
		{5900E850-BECF-4224-924C-45F2ECFB7D04}.Debug|Any CPU.Build.0 = Debug|Any CPU
		{5900E850-BECF-4224-924C-45F2ECFB7D04}.Release|Any CPU.ActiveCfg = Release|Any CPU
		{5900E850-BECF-4224-924C-45F2ECFB7D04}.Release|Any CPU.Build.0 = Release|Any CPU
	EndGlobalSection
	GlobalSection(SolutionProperties) = preSolution
		HideSolutionNode = FALSE
	EndGlobalSection
	GlobalSection(ExtensibilityGlobals) = postSolution
		SolutionGuid = {1E9D8A52-D758-4936-9D03-443A7713BA17}
	EndGlobalSection
EndGlobal
